
Microsoft Visual Studio Solution File, Format Version 12.00
# Visual Studio Version 17
VisualStudioVersion = 17.2.32616.157
MinimumVisualStudioVersion = 10.0.40219.1
Project("{8BC9CEB8-8B4A-11D0-8D11-00A0C91BC942}") = "MemoryPool", "memory-pool\memory-pool.vcxproj", "{80013C1F-8C02-4558-B5DD-45300BD16A2C}"
EndProject
Project("{8BC9CEB8-8B4A-11D0-8D11-00A0C91BC942}") = "Iterator", "Iterator\Iterator.vcxproj", "{1D5450BD-4E36-4877-B03B-66CE50AD976E}"
EndProject
Project("{2150E333-8FDC-42A3-9474-1A3956D46DE8}") = "Modules", "Modules", "{8EBE9AB0-920F-4B6E-B695-A95CBC521A53}"
EndProject
Project("{8BC9CEB8-8B4A-11D0-8D11-00A0C91BC942}") = "LibModule", "LibModule\LibModule.vcxproj", "{10167BD5-62F9-4F22-8FA8-374E102DF14C}"
EndProject
Project("{8BC9CEB8-8B4A-11D0-8D11-00A0C91BC942}") = "ConsoleModuleTest", "ConsoleModuleTest\ConsoleModuleTest.vcxproj", "{F39310A1-48DD-4BB6-B8FE-DE0609590B7B}"
EndProject
Project("{8BC9CEB8-8B4A-11D0-8D11-00A0C91BC942}") = "DllModule", "DllModule\DllModule.vcxproj", "{EBF6008A-5C15-4313-826F-FFD9B8831BC0}"
EndProject
Project("{8BC9CEB8-8B4A-11D0-8D11-00A0C91BC942}") = "FileSystem", "FileSystem\FileSystem.vcxproj", "{90E536CB-F377-4C04-B352-E290016BA82E}"
EndProject
Project("{8BC9CEB8-8B4A-11D0-8D11-00A0C91BC942}") = "ExecutableModule", "ExecutableModule\ExecutableModule.vcxproj", "{8CB274E4-84C4-40C7-BB91-F120706D63FD}"
EndProject
Project("{8BC9CEB8-8B4A-11D0-8D11-00A0C91BC942}") = "StringTemplates", "StringTemplates\StringTemplates.vcxproj", "{9B1A898B-2772-434E-9279-9324042CC1FA}"
EndProject
Project("{8BC9CEB8-8B4A-11D0-8D11-00A0C91BC942}") = "EventLoop", "EventLoop\EventLoop.vcxproj", "{16681378-2234-4BC0-AEB5-54031AE75348}"
EndProject
Project("{8BC9CEB8-8B4A-11D0-8D11-00A0C91BC942}") = "RedirectedCinCout", "RedirectedCinCout\RedirectedCinCout.vcxproj", "{DC97B0FE-C0A6-4944-8119-2B87F40F2F87}"
EndProject
Project("{8BC9CEB8-8B4A-11D0-8D11-00A0C91BC942}") = "StdFormat", "StdFormat\StdFormat.vcxproj", "{C3F9756F-91CB-4244-B946-CE1669AD6A3F}"
EndProject
Project("{8BC9CEB8-8B4A-11D0-8D11-00A0C91BC942}") = "Coroutines", "Coroutines\Coroutines.vcxproj", "{DDA50FBA-0806-4538-98B9-E171F99982DC}"
EndProject
Project("{8BC9CEB8-8B4A-11D0-8D11-00A0C91BC942}") = "ConditionVariables", "ConditionVariables\ConditionVariables.vcxproj", "{B11F76E5-2110-4001-B301-1665286788E2}"
EndProject
Project("{8BC9CEB8-8B4A-11D0-8D11-00A0C91BC942}") = "Ranges", "Ranges\Ranges.vcxproj", "{9F4F307B-C945-4F7B-B9DD-0F68C407276B}"
EndProject
Project("{8BC9CEB8-8B4A-11D0-8D11-00A0C91BC942}") = "TypeErasure", "TypeErasure\TypeErasure.vcxproj", "{B6DF74E6-EEA9-4998-95D0-AA679A4A8B45}"
EndProject
Project("{8BC9CEB8-8B4A-11D0-8D11-00A0C91BC942}") = "MultiVector", "MultiVector\MultiVector.vcxproj", "{D9ED2267-9A44-4F1C-8407-63CC859D3DB3}"
EndProject
Project("{8BC9CEB8-8B4A-11D0-8D11-00A0C91BC942}") = "StaticPolymorphism", "StaticPolymorphism\StaticPolymorphism.vcxproj", "{7D027C35-5C6F-48D9-997E-50C9F57CF65C}"
EndProject
Project("{8BC9CEB8-8B4A-11D0-8D11-00A0C91BC942}") = "Mixins", "Mixins\Mixins.vcxproj", "{297AFB52-670E-41EA-80A2-C64DBD5EF800}"
EndProject
Project("{8BC9CEB8-8B4A-11D0-8D11-00A0C91BC942}") = "CustomAllocator", "CustomAllocator\CustomAllocator.vcxproj", "{C139446F-625B-421C-A02D-FC279B8D8B8C}"
EndProject
Project("{8BC9CEB8-8B4A-11D0-8D11-00A0C91BC942}") = "StackTrace", "StackTrace\StackTrace.vcxproj", "{E529451B-6AD3-4346-9218-6963B8CA81F0}"
EndProject
Project("{8BC9CEB8-8B4A-11D0-8D11-00A0C91BC942}") = "zstring_view", "zstring_view\zstring_view.vcxproj", "{9FC181E4-E303-4A63-9ED0-7DF8CAD8F656}"
EndProject
Project("{8BC9CEB8-8B4A-11D0-8D11-00A0C91BC942}") = "StdModule", "StdModule\StdModule.vcxproj", "{CDD14B1E-28D6-4317-AB56-0C9DBACF6B71}"
EndProject
Project("{8BC9CEB8-8B4A-11D0-8D11-00A0C91BC942}") = "StrongTypes", "StrongTypes\StrongTypes.vcxproj", "{A3B836C8-6194-4168-BD46-E17D7E081C48}"
EndProject
Project("{8BC9CEB8-8B4A-11D0-8D11-00A0C91BC942}") = "ParameterPacksAndFoldExpressions", "ParameterPacksAndFoldExpressions\ParameterPacksAndFoldExpressions.vcxproj", "{83748D5C-F2A9-463B-8E5A-5A3FDDD99A47}"
EndProject
Project("{8BC9CEB8-8B4A-11D0-8D11-00A0C91BC942}") = "ConditionalBaseClass", "ConditionalBaseClass\ConditionalBaseClass.vcxproj", "{DBFA1230-0F43-49D7-AA42-21F22F8D65A2}"
EndProject
Project("{8BC9CEB8-8B4A-11D0-8D11-00A0C91BC942}") = "Inheritance", "Inheritance\Inheritance.vcxproj", "{6F30BC1A-183F-4C78-933D-9E04B30D3A73}"
EndProject
Project("{8BC9CEB8-8B4A-11D0-8D11-00A0C91BC942}") = "EliminatingVirtual", "EliminatingVirtual\EliminatingVirtual.vcxproj", "{9B4D4E36-35F3-411B-9303-B1361282FE79}"
EndProject
Project("{8BC9CEB8-8B4A-11D0-8D11-00A0C91BC942}") = "LambdaTypes", "LambdaTypes\LambdaTypes.vcxproj", "{A28BA25E-4886-4F7A-A1E8-06C3149E02BC}"
EndProject
Project("{8BC9CEB8-8B4A-11D0-8D11-00A0C91BC942}") = "PolymorphicAllocators", "PolymorphicAllocators\PolymorphicAllocators.vcxproj", "{0DC94A18-00C5-4E74-9A7F-A949321E2072}"
EndProject
Project("{8BC9CEB8-8B4A-11D0-8D11-00A0C91BC942}") = "FiniteStateMachine", "FiniteStateMachine\FiniteStateMachine.vcxproj", "{98BD07C9-15C3-400B-B7F9-477F1E759B63}"
EndProject
Project("{8BC9CEB8-8B4A-11D0-8D11-00A0C91BC942}") = "Visitor", "Visitor\Visitor.vcxproj", "{0C813A0B-109B-417C-AA39-CAECB0144B01}"
EndProject
Project("{8BC9CEB8-8B4A-11D0-8D11-00A0C91BC942}") = "VisitorWithWait", "VisitorWithWait\VisitorWithWait.vcxproj", "{4497842D-900E-4CFD-B797-D59996965FA3}"
EndProject
Project("{8BC9CEB8-8B4A-11D0-8D11-00A0C91BC942}") = "MiscTemplates", "MiscTemplates\MiscTemplates.vcxproj", "{B6534F8F-C61E-4D08-A800-D5EC4F7D9E84}"
EndProject
Project("{8BC9CEB8-8B4A-11D0-8D11-00A0C91BC942}") = "MiscellaneousExperiments", "MiscellaneousExperiments\MiscellaneousExperiments.vcxproj", "{9105A2C5-4155-4CC0-8604-15CA6CF6D1BE}"
EndProject
Project("{8BC9CEB8-8B4A-11D0-8D11-00A0C91BC942}") = "FppNamedTypes", "FppNamedTypes\FppNamedTypes.vcxproj", "{4FFA3B90-BAAE-46EE-9CBE-697A033BC8B3}"
EndProject
Project("{8BC9CEB8-8B4A-11D0-8D11-00A0C91BC942}") = "Timing", "Timing\Timing.vcxproj", "{C271AC7A-4E66-4A9A-8AAD-A65A6B073E9E}"
EndProject
Project("{8BC9CEB8-8B4A-11D0-8D11-00A0C91BC942}") = "Trait", "Trait\Trait.vcxproj", "{EA87FA2C-8C65-4B01-BA52-7AE40734030B}"
EndProject
Project("{8BC9CEB8-8B4A-11D0-8D11-00A0C91BC942}") = "LValueOrRValue", "LValueOrRValue\LValueOrRValue.vcxproj", "{BCB5A584-E87A-45B9-8305-C84B03AD069B}"
EndProject
Project("{8BC9CEB8-8B4A-11D0-8D11-00A0C91BC942}") = "LinuxHelloWorld", "LinuxHelloWorld\LinuxHelloWorld.vcxproj", "{575BEED7-6DAC-4356-B031-6B1606F12265}"
EndProject
Global
	GlobalSection(SolutionConfigurationPlatforms) = preSolution
		Debug|ARM = Debug|ARM
		Debug|ARM64 = Debug|ARM64
		Debug|x64 = Debug|x64
		Debug|x86 = Debug|x86
		Release|ARM = Release|ARM
		Release|ARM64 = Release|ARM64
		Release|x64 = Release|x64
		Release|x86 = Release|x86
	EndGlobalSection
	GlobalSection(ProjectConfigurationPlatforms) = postSolution
		{80013C1F-8C02-4558-B5DD-45300BD16A2C}.Debug|ARM.ActiveCfg = Debug|x64
		{80013C1F-8C02-4558-B5DD-45300BD16A2C}.Debug|ARM.Build.0 = Debug|x64
		{80013C1F-8C02-4558-B5DD-45300BD16A2C}.Debug|ARM64.ActiveCfg = Debug|x64
		{80013C1F-8C02-4558-B5DD-45300BD16A2C}.Debug|ARM64.Build.0 = Debug|x64
		{80013C1F-8C02-4558-B5DD-45300BD16A2C}.Debug|x64.ActiveCfg = Debug|x64
		{80013C1F-8C02-4558-B5DD-45300BD16A2C}.Debug|x64.Build.0 = Debug|x64
		{80013C1F-8C02-4558-B5DD-45300BD16A2C}.Debug|x86.ActiveCfg = Debug|Win32
		{80013C1F-8C02-4558-B5DD-45300BD16A2C}.Debug|x86.Build.0 = Debug|Win32
		{80013C1F-8C02-4558-B5DD-45300BD16A2C}.Release|ARM.ActiveCfg = Release|x64
		{80013C1F-8C02-4558-B5DD-45300BD16A2C}.Release|ARM.Build.0 = Release|x64
		{80013C1F-8C02-4558-B5DD-45300BD16A2C}.Release|ARM64.ActiveCfg = Release|x64
		{80013C1F-8C02-4558-B5DD-45300BD16A2C}.Release|ARM64.Build.0 = Release|x64
		{80013C1F-8C02-4558-B5DD-45300BD16A2C}.Release|x64.ActiveCfg = Release|x64
		{80013C1F-8C02-4558-B5DD-45300BD16A2C}.Release|x64.Build.0 = Release|x64
		{80013C1F-8C02-4558-B5DD-45300BD16A2C}.Release|x86.ActiveCfg = Release|Win32
		{80013C1F-8C02-4558-B5DD-45300BD16A2C}.Release|x86.Build.0 = Release|Win32
		{1D5450BD-4E36-4877-B03B-66CE50AD976E}.Debug|ARM.ActiveCfg = Debug|x64
		{1D5450BD-4E36-4877-B03B-66CE50AD976E}.Debug|ARM.Build.0 = Debug|x64
		{1D5450BD-4E36-4877-B03B-66CE50AD976E}.Debug|ARM64.ActiveCfg = Debug|x64
		{1D5450BD-4E36-4877-B03B-66CE50AD976E}.Debug|ARM64.Build.0 = Debug|x64
		{1D5450BD-4E36-4877-B03B-66CE50AD976E}.Debug|x64.ActiveCfg = Debug|x64
		{1D5450BD-4E36-4877-B03B-66CE50AD976E}.Debug|x64.Build.0 = Debug|x64
		{1D5450BD-4E36-4877-B03B-66CE50AD976E}.Debug|x86.ActiveCfg = Debug|Win32
		{1D5450BD-4E36-4877-B03B-66CE50AD976E}.Debug|x86.Build.0 = Debug|Win32
		{1D5450BD-4E36-4877-B03B-66CE50AD976E}.Release|ARM.ActiveCfg = Release|x64
		{1D5450BD-4E36-4877-B03B-66CE50AD976E}.Release|ARM.Build.0 = Release|x64
		{1D5450BD-4E36-4877-B03B-66CE50AD976E}.Release|ARM64.ActiveCfg = Release|x64
		{1D5450BD-4E36-4877-B03B-66CE50AD976E}.Release|ARM64.Build.0 = Release|x64
		{1D5450BD-4E36-4877-B03B-66CE50AD976E}.Release|x64.ActiveCfg = Release|x64
		{1D5450BD-4E36-4877-B03B-66CE50AD976E}.Release|x64.Build.0 = Release|x64
		{1D5450BD-4E36-4877-B03B-66CE50AD976E}.Release|x86.ActiveCfg = Release|Win32
		{1D5450BD-4E36-4877-B03B-66CE50AD976E}.Release|x86.Build.0 = Release|Win32
		{10167BD5-62F9-4F22-8FA8-374E102DF14C}.Debug|ARM.ActiveCfg = Debug|x64
		{10167BD5-62F9-4F22-8FA8-374E102DF14C}.Debug|ARM.Build.0 = Debug|x64
		{10167BD5-62F9-4F22-8FA8-374E102DF14C}.Debug|ARM64.ActiveCfg = Debug|x64
		{10167BD5-62F9-4F22-8FA8-374E102DF14C}.Debug|ARM64.Build.0 = Debug|x64
		{10167BD5-62F9-4F22-8FA8-374E102DF14C}.Debug|x64.ActiveCfg = Debug|x64
		{10167BD5-62F9-4F22-8FA8-374E102DF14C}.Debug|x64.Build.0 = Debug|x64
		{10167BD5-62F9-4F22-8FA8-374E102DF14C}.Debug|x86.ActiveCfg = Debug|Win32
		{10167BD5-62F9-4F22-8FA8-374E102DF14C}.Debug|x86.Build.0 = Debug|Win32
		{10167BD5-62F9-4F22-8FA8-374E102DF14C}.Release|ARM.ActiveCfg = Release|x64
		{10167BD5-62F9-4F22-8FA8-374E102DF14C}.Release|ARM.Build.0 = Release|x64
		{10167BD5-62F9-4F22-8FA8-374E102DF14C}.Release|ARM64.ActiveCfg = Release|x64
		{10167BD5-62F9-4F22-8FA8-374E102DF14C}.Release|ARM64.Build.0 = Release|x64
		{10167BD5-62F9-4F22-8FA8-374E102DF14C}.Release|x64.ActiveCfg = Release|x64
		{10167BD5-62F9-4F22-8FA8-374E102DF14C}.Release|x64.Build.0 = Release|x64
		{10167BD5-62F9-4F22-8FA8-374E102DF14C}.Release|x86.ActiveCfg = Release|Win32
		{10167BD5-62F9-4F22-8FA8-374E102DF14C}.Release|x86.Build.0 = Release|Win32
		{F39310A1-48DD-4BB6-B8FE-DE0609590B7B}.Debug|ARM.ActiveCfg = Debug|x64
		{F39310A1-48DD-4BB6-B8FE-DE0609590B7B}.Debug|ARM.Build.0 = Debug|x64
		{F39310A1-48DD-4BB6-B8FE-DE0609590B7B}.Debug|ARM64.ActiveCfg = Debug|x64
		{F39310A1-48DD-4BB6-B8FE-DE0609590B7B}.Debug|ARM64.Build.0 = Debug|x64
		{F39310A1-48DD-4BB6-B8FE-DE0609590B7B}.Debug|x64.ActiveCfg = Debug|x64
		{F39310A1-48DD-4BB6-B8FE-DE0609590B7B}.Debug|x64.Build.0 = Debug|x64
		{F39310A1-48DD-4BB6-B8FE-DE0609590B7B}.Debug|x86.ActiveCfg = Debug|Win32
		{F39310A1-48DD-4BB6-B8FE-DE0609590B7B}.Debug|x86.Build.0 = Debug|Win32
		{F39310A1-48DD-4BB6-B8FE-DE0609590B7B}.Release|ARM.ActiveCfg = Release|x64
		{F39310A1-48DD-4BB6-B8FE-DE0609590B7B}.Release|ARM.Build.0 = Release|x64
		{F39310A1-48DD-4BB6-B8FE-DE0609590B7B}.Release|ARM64.ActiveCfg = Release|x64
		{F39310A1-48DD-4BB6-B8FE-DE0609590B7B}.Release|ARM64.Build.0 = Release|x64
		{F39310A1-48DD-4BB6-B8FE-DE0609590B7B}.Release|x64.ActiveCfg = Release|x64
		{F39310A1-48DD-4BB6-B8FE-DE0609590B7B}.Release|x64.Build.0 = Release|x64
		{F39310A1-48DD-4BB6-B8FE-DE0609590B7B}.Release|x86.ActiveCfg = Release|Win32
		{F39310A1-48DD-4BB6-B8FE-DE0609590B7B}.Release|x86.Build.0 = Release|Win32
		{EBF6008A-5C15-4313-826F-FFD9B8831BC0}.Debug|ARM.ActiveCfg = Debug|x64
		{EBF6008A-5C15-4313-826F-FFD9B8831BC0}.Debug|ARM.Build.0 = Debug|x64
		{EBF6008A-5C15-4313-826F-FFD9B8831BC0}.Debug|ARM64.ActiveCfg = Debug|x64
		{EBF6008A-5C15-4313-826F-FFD9B8831BC0}.Debug|ARM64.Build.0 = Debug|x64
		{EBF6008A-5C15-4313-826F-FFD9B8831BC0}.Debug|x64.ActiveCfg = Debug|x64
		{EBF6008A-5C15-4313-826F-FFD9B8831BC0}.Debug|x64.Build.0 = Debug|x64
		{EBF6008A-5C15-4313-826F-FFD9B8831BC0}.Debug|x86.ActiveCfg = Debug|Win32
		{EBF6008A-5C15-4313-826F-FFD9B8831BC0}.Debug|x86.Build.0 = Debug|Win32
		{EBF6008A-5C15-4313-826F-FFD9B8831BC0}.Release|ARM.ActiveCfg = Release|x64
		{EBF6008A-5C15-4313-826F-FFD9B8831BC0}.Release|ARM.Build.0 = Release|x64
		{EBF6008A-5C15-4313-826F-FFD9B8831BC0}.Release|ARM64.ActiveCfg = Release|x64
		{EBF6008A-5C15-4313-826F-FFD9B8831BC0}.Release|ARM64.Build.0 = Release|x64
		{EBF6008A-5C15-4313-826F-FFD9B8831BC0}.Release|x64.ActiveCfg = Release|x64
		{EBF6008A-5C15-4313-826F-FFD9B8831BC0}.Release|x64.Build.0 = Release|x64
		{EBF6008A-5C15-4313-826F-FFD9B8831BC0}.Release|x86.ActiveCfg = Release|Win32
		{EBF6008A-5C15-4313-826F-FFD9B8831BC0}.Release|x86.Build.0 = Release|Win32
		{90E536CB-F377-4C04-B352-E290016BA82E}.Debug|ARM.ActiveCfg = Debug|x64
		{90E536CB-F377-4C04-B352-E290016BA82E}.Debug|ARM.Build.0 = Debug|x64
		{90E536CB-F377-4C04-B352-E290016BA82E}.Debug|ARM64.ActiveCfg = Debug|x64
		{90E536CB-F377-4C04-B352-E290016BA82E}.Debug|ARM64.Build.0 = Debug|x64
		{90E536CB-F377-4C04-B352-E290016BA82E}.Debug|x64.ActiveCfg = Debug|x64
		{90E536CB-F377-4C04-B352-E290016BA82E}.Debug|x64.Build.0 = Debug|x64
		{90E536CB-F377-4C04-B352-E290016BA82E}.Debug|x86.ActiveCfg = Debug|Win32
		{90E536CB-F377-4C04-B352-E290016BA82E}.Debug|x86.Build.0 = Debug|Win32
		{90E536CB-F377-4C04-B352-E290016BA82E}.Release|ARM.ActiveCfg = Release|x64
		{90E536CB-F377-4C04-B352-E290016BA82E}.Release|ARM.Build.0 = Release|x64
		{90E536CB-F377-4C04-B352-E290016BA82E}.Release|ARM64.ActiveCfg = Release|x64
		{90E536CB-F377-4C04-B352-E290016BA82E}.Release|ARM64.Build.0 = Release|x64
		{90E536CB-F377-4C04-B352-E290016BA82E}.Release|x64.ActiveCfg = Release|x64
		{90E536CB-F377-4C04-B352-E290016BA82E}.Release|x64.Build.0 = Release|x64
		{90E536CB-F377-4C04-B352-E290016BA82E}.Release|x86.ActiveCfg = Release|Win32
		{90E536CB-F377-4C04-B352-E290016BA82E}.Release|x86.Build.0 = Release|Win32
		{8CB274E4-84C4-40C7-BB91-F120706D63FD}.Debug|ARM.ActiveCfg = Debug|x64
		{8CB274E4-84C4-40C7-BB91-F120706D63FD}.Debug|ARM.Build.0 = Debug|x64
		{8CB274E4-84C4-40C7-BB91-F120706D63FD}.Debug|ARM64.ActiveCfg = Debug|x64
		{8CB274E4-84C4-40C7-BB91-F120706D63FD}.Debug|ARM64.Build.0 = Debug|x64
		{8CB274E4-84C4-40C7-BB91-F120706D63FD}.Debug|x64.ActiveCfg = Debug|x64
		{8CB274E4-84C4-40C7-BB91-F120706D63FD}.Debug|x64.Build.0 = Debug|x64
		{8CB274E4-84C4-40C7-BB91-F120706D63FD}.Debug|x86.ActiveCfg = Debug|Win32
		{8CB274E4-84C4-40C7-BB91-F120706D63FD}.Debug|x86.Build.0 = Debug|Win32
		{8CB274E4-84C4-40C7-BB91-F120706D63FD}.Release|ARM.ActiveCfg = Release|x64
		{8CB274E4-84C4-40C7-BB91-F120706D63FD}.Release|ARM.Build.0 = Release|x64
		{8CB274E4-84C4-40C7-BB91-F120706D63FD}.Release|ARM64.ActiveCfg = Release|x64
		{8CB274E4-84C4-40C7-BB91-F120706D63FD}.Release|ARM64.Build.0 = Release|x64
		{8CB274E4-84C4-40C7-BB91-F120706D63FD}.Release|x64.ActiveCfg = Release|x64
		{8CB274E4-84C4-40C7-BB91-F120706D63FD}.Release|x64.Build.0 = Release|x64
		{8CB274E4-84C4-40C7-BB91-F120706D63FD}.Release|x86.ActiveCfg = Release|Win32
		{8CB274E4-84C4-40C7-BB91-F120706D63FD}.Release|x86.Build.0 = Release|Win32
		{9B1A898B-2772-434E-9279-9324042CC1FA}.Debug|ARM.ActiveCfg = Debug|x64
		{9B1A898B-2772-434E-9279-9324042CC1FA}.Debug|ARM.Build.0 = Debug|x64
		{9B1A898B-2772-434E-9279-9324042CC1FA}.Debug|ARM64.ActiveCfg = Debug|x64
		{9B1A898B-2772-434E-9279-9324042CC1FA}.Debug|ARM64.Build.0 = Debug|x64
		{9B1A898B-2772-434E-9279-9324042CC1FA}.Debug|x64.ActiveCfg = Debug|x64
		{9B1A898B-2772-434E-9279-9324042CC1FA}.Debug|x64.Build.0 = Debug|x64
		{9B1A898B-2772-434E-9279-9324042CC1FA}.Debug|x86.ActiveCfg = Debug|Win32
		{9B1A898B-2772-434E-9279-9324042CC1FA}.Debug|x86.Build.0 = Debug|Win32
		{9B1A898B-2772-434E-9279-9324042CC1FA}.Release|ARM.ActiveCfg = Release|x64
		{9B1A898B-2772-434E-9279-9324042CC1FA}.Release|ARM.Build.0 = Release|x64
		{9B1A898B-2772-434E-9279-9324042CC1FA}.Release|ARM64.ActiveCfg = Release|x64
		{9B1A898B-2772-434E-9279-9324042CC1FA}.Release|ARM64.Build.0 = Release|x64
		{9B1A898B-2772-434E-9279-9324042CC1FA}.Release|x64.ActiveCfg = Release|x64
		{9B1A898B-2772-434E-9279-9324042CC1FA}.Release|x64.Build.0 = Release|x64
		{9B1A898B-2772-434E-9279-9324042CC1FA}.Release|x86.ActiveCfg = Release|Win32
		{9B1A898B-2772-434E-9279-9324042CC1FA}.Release|x86.Build.0 = Release|Win32
		{16681378-2234-4BC0-AEB5-54031AE75348}.Debug|ARM.ActiveCfg = Debug|x64
		{16681378-2234-4BC0-AEB5-54031AE75348}.Debug|ARM.Build.0 = Debug|x64
		{16681378-2234-4BC0-AEB5-54031AE75348}.Debug|ARM64.ActiveCfg = Debug|x64
		{16681378-2234-4BC0-AEB5-54031AE75348}.Debug|ARM64.Build.0 = Debug|x64
		{16681378-2234-4BC0-AEB5-54031AE75348}.Debug|x64.ActiveCfg = Debug|x64
		{16681378-2234-4BC0-AEB5-54031AE75348}.Debug|x64.Build.0 = Debug|x64
		{16681378-2234-4BC0-AEB5-54031AE75348}.Debug|x86.ActiveCfg = Debug|Win32
		{16681378-2234-4BC0-AEB5-54031AE75348}.Debug|x86.Build.0 = Debug|Win32
		{16681378-2234-4BC0-AEB5-54031AE75348}.Release|ARM.ActiveCfg = Release|x64
		{16681378-2234-4BC0-AEB5-54031AE75348}.Release|ARM.Build.0 = Release|x64
		{16681378-2234-4BC0-AEB5-54031AE75348}.Release|ARM64.ActiveCfg = Release|x64
		{16681378-2234-4BC0-AEB5-54031AE75348}.Release|ARM64.Build.0 = Release|x64
		{16681378-2234-4BC0-AEB5-54031AE75348}.Release|x64.ActiveCfg = Release|x64
		{16681378-2234-4BC0-AEB5-54031AE75348}.Release|x64.Build.0 = Release|x64
		{16681378-2234-4BC0-AEB5-54031AE75348}.Release|x86.ActiveCfg = Release|Win32
		{16681378-2234-4BC0-AEB5-54031AE75348}.Release|x86.Build.0 = Release|Win32
		{DC97B0FE-C0A6-4944-8119-2B87F40F2F87}.Debug|ARM.ActiveCfg = Debug|x64
		{DC97B0FE-C0A6-4944-8119-2B87F40F2F87}.Debug|ARM.Build.0 = Debug|x64
		{DC97B0FE-C0A6-4944-8119-2B87F40F2F87}.Debug|ARM64.ActiveCfg = Debug|x64
		{DC97B0FE-C0A6-4944-8119-2B87F40F2F87}.Debug|ARM64.Build.0 = Debug|x64
		{DC97B0FE-C0A6-4944-8119-2B87F40F2F87}.Debug|x64.ActiveCfg = Debug|x64
		{DC97B0FE-C0A6-4944-8119-2B87F40F2F87}.Debug|x64.Build.0 = Debug|x64
		{DC97B0FE-C0A6-4944-8119-2B87F40F2F87}.Debug|x86.ActiveCfg = Debug|Win32
		{DC97B0FE-C0A6-4944-8119-2B87F40F2F87}.Debug|x86.Build.0 = Debug|Win32
		{DC97B0FE-C0A6-4944-8119-2B87F40F2F87}.Release|ARM.ActiveCfg = Release|x64
		{DC97B0FE-C0A6-4944-8119-2B87F40F2F87}.Release|ARM.Build.0 = Release|x64
		{DC97B0FE-C0A6-4944-8119-2B87F40F2F87}.Release|ARM64.ActiveCfg = Release|x64
		{DC97B0FE-C0A6-4944-8119-2B87F40F2F87}.Release|ARM64.Build.0 = Release|x64
		{DC97B0FE-C0A6-4944-8119-2B87F40F2F87}.Release|x64.ActiveCfg = Release|x64
		{DC97B0FE-C0A6-4944-8119-2B87F40F2F87}.Release|x64.Build.0 = Release|x64
		{DC97B0FE-C0A6-4944-8119-2B87F40F2F87}.Release|x86.ActiveCfg = Release|Win32
		{DC97B0FE-C0A6-4944-8119-2B87F40F2F87}.Release|x86.Build.0 = Release|Win32
		{C3F9756F-91CB-4244-B946-CE1669AD6A3F}.Debug|ARM.ActiveCfg = Debug|x64
		{C3F9756F-91CB-4244-B946-CE1669AD6A3F}.Debug|ARM.Build.0 = Debug|x64
		{C3F9756F-91CB-4244-B946-CE1669AD6A3F}.Debug|ARM64.ActiveCfg = Debug|x64
		{C3F9756F-91CB-4244-B946-CE1669AD6A3F}.Debug|ARM64.Build.0 = Debug|x64
		{C3F9756F-91CB-4244-B946-CE1669AD6A3F}.Debug|x64.ActiveCfg = Debug|x64
		{C3F9756F-91CB-4244-B946-CE1669AD6A3F}.Debug|x64.Build.0 = Debug|x64
		{C3F9756F-91CB-4244-B946-CE1669AD6A3F}.Debug|x86.ActiveCfg = Debug|Win32
		{C3F9756F-91CB-4244-B946-CE1669AD6A3F}.Debug|x86.Build.0 = Debug|Win32
		{C3F9756F-91CB-4244-B946-CE1669AD6A3F}.Release|ARM.ActiveCfg = Release|x64
		{C3F9756F-91CB-4244-B946-CE1669AD6A3F}.Release|ARM.Build.0 = Release|x64
		{C3F9756F-91CB-4244-B946-CE1669AD6A3F}.Release|ARM64.ActiveCfg = Release|x64
		{C3F9756F-91CB-4244-B946-CE1669AD6A3F}.Release|ARM64.Build.0 = Release|x64
		{C3F9756F-91CB-4244-B946-CE1669AD6A3F}.Release|x64.ActiveCfg = Release|x64
		{C3F9756F-91CB-4244-B946-CE1669AD6A3F}.Release|x64.Build.0 = Release|x64
		{C3F9756F-91CB-4244-B946-CE1669AD6A3F}.Release|x86.ActiveCfg = Release|Win32
		{C3F9756F-91CB-4244-B946-CE1669AD6A3F}.Release|x86.Build.0 = Release|Win32
		{DDA50FBA-0806-4538-98B9-E171F99982DC}.Debug|ARM.ActiveCfg = Debug|x64
		{DDA50FBA-0806-4538-98B9-E171F99982DC}.Debug|ARM.Build.0 = Debug|x64
		{DDA50FBA-0806-4538-98B9-E171F99982DC}.Debug|ARM64.ActiveCfg = Debug|x64
		{DDA50FBA-0806-4538-98B9-E171F99982DC}.Debug|ARM64.Build.0 = Debug|x64
		{DDA50FBA-0806-4538-98B9-E171F99982DC}.Debug|x64.ActiveCfg = Debug|x64
		{DDA50FBA-0806-4538-98B9-E171F99982DC}.Debug|x64.Build.0 = Debug|x64
		{DDA50FBA-0806-4538-98B9-E171F99982DC}.Debug|x86.ActiveCfg = Debug|Win32
		{DDA50FBA-0806-4538-98B9-E171F99982DC}.Debug|x86.Build.0 = Debug|Win32
		{DDA50FBA-0806-4538-98B9-E171F99982DC}.Release|ARM.ActiveCfg = Release|x64
		{DDA50FBA-0806-4538-98B9-E171F99982DC}.Release|ARM.Build.0 = Release|x64
		{DDA50FBA-0806-4538-98B9-E171F99982DC}.Release|ARM64.ActiveCfg = Release|x64
		{DDA50FBA-0806-4538-98B9-E171F99982DC}.Release|ARM64.Build.0 = Release|x64
		{DDA50FBA-0806-4538-98B9-E171F99982DC}.Release|x64.ActiveCfg = Release|x64
		{DDA50FBA-0806-4538-98B9-E171F99982DC}.Release|x64.Build.0 = Release|x64
		{DDA50FBA-0806-4538-98B9-E171F99982DC}.Release|x86.ActiveCfg = Release|Win32
		{DDA50FBA-0806-4538-98B9-E171F99982DC}.Release|x86.Build.0 = Release|Win32
		{B11F76E5-2110-4001-B301-1665286788E2}.Debug|ARM.ActiveCfg = Debug|x64
		{B11F76E5-2110-4001-B301-1665286788E2}.Debug|ARM.Build.0 = Debug|x64
		{B11F76E5-2110-4001-B301-1665286788E2}.Debug|ARM64.ActiveCfg = Debug|x64
		{B11F76E5-2110-4001-B301-1665286788E2}.Debug|ARM64.Build.0 = Debug|x64
		{B11F76E5-2110-4001-B301-1665286788E2}.Debug|x64.ActiveCfg = Debug|x64
		{B11F76E5-2110-4001-B301-1665286788E2}.Debug|x64.Build.0 = Debug|x64
		{B11F76E5-2110-4001-B301-1665286788E2}.Debug|x86.ActiveCfg = Debug|Win32
		{B11F76E5-2110-4001-B301-1665286788E2}.Debug|x86.Build.0 = Debug|Win32
		{B11F76E5-2110-4001-B301-1665286788E2}.Release|ARM.ActiveCfg = Release|x64
		{B11F76E5-2110-4001-B301-1665286788E2}.Release|ARM.Build.0 = Release|x64
		{B11F76E5-2110-4001-B301-1665286788E2}.Release|ARM64.ActiveCfg = Release|x64
		{B11F76E5-2110-4001-B301-1665286788E2}.Release|ARM64.Build.0 = Release|x64
		{B11F76E5-2110-4001-B301-1665286788E2}.Release|x64.ActiveCfg = Release|x64
		{B11F76E5-2110-4001-B301-1665286788E2}.Release|x64.Build.0 = Release|x64
		{B11F76E5-2110-4001-B301-1665286788E2}.Release|x86.ActiveCfg = Release|Win32
		{B11F76E5-2110-4001-B301-1665286788E2}.Release|x86.Build.0 = Release|Win32
		{9F4F307B-C945-4F7B-B9DD-0F68C407276B}.Debug|ARM.ActiveCfg = Debug|x64
		{9F4F307B-C945-4F7B-B9DD-0F68C407276B}.Debug|ARM.Build.0 = Debug|x64
		{9F4F307B-C945-4F7B-B9DD-0F68C407276B}.Debug|ARM64.ActiveCfg = Debug|x64
		{9F4F307B-C945-4F7B-B9DD-0F68C407276B}.Debug|ARM64.Build.0 = Debug|x64
		{9F4F307B-C945-4F7B-B9DD-0F68C407276B}.Debug|x64.ActiveCfg = Debug|x64
		{9F4F307B-C945-4F7B-B9DD-0F68C407276B}.Debug|x64.Build.0 = Debug|x64
		{9F4F307B-C945-4F7B-B9DD-0F68C407276B}.Debug|x86.ActiveCfg = Debug|Win32
		{9F4F307B-C945-4F7B-B9DD-0F68C407276B}.Debug|x86.Build.0 = Debug|Win32
		{9F4F307B-C945-4F7B-B9DD-0F68C407276B}.Release|ARM.ActiveCfg = Release|x64
		{9F4F307B-C945-4F7B-B9DD-0F68C407276B}.Release|ARM.Build.0 = Release|x64
		{9F4F307B-C945-4F7B-B9DD-0F68C407276B}.Release|ARM64.ActiveCfg = Release|x64
		{9F4F307B-C945-4F7B-B9DD-0F68C407276B}.Release|ARM64.Build.0 = Release|x64
		{9F4F307B-C945-4F7B-B9DD-0F68C407276B}.Release|x64.ActiveCfg = Release|x64
		{9F4F307B-C945-4F7B-B9DD-0F68C407276B}.Release|x64.Build.0 = Release|x64
		{9F4F307B-C945-4F7B-B9DD-0F68C407276B}.Release|x86.ActiveCfg = Release|Win32
		{9F4F307B-C945-4F7B-B9DD-0F68C407276B}.Release|x86.Build.0 = Release|Win32
		{B6DF74E6-EEA9-4998-95D0-AA679A4A8B45}.Debug|ARM.ActiveCfg = Debug|x64
		{B6DF74E6-EEA9-4998-95D0-AA679A4A8B45}.Debug|ARM.Build.0 = Debug|x64
		{B6DF74E6-EEA9-4998-95D0-AA679A4A8B45}.Debug|ARM64.ActiveCfg = Debug|x64
		{B6DF74E6-EEA9-4998-95D0-AA679A4A8B45}.Debug|ARM64.Build.0 = Debug|x64
		{B6DF74E6-EEA9-4998-95D0-AA679A4A8B45}.Debug|x64.ActiveCfg = Debug|x64
		{B6DF74E6-EEA9-4998-95D0-AA679A4A8B45}.Debug|x64.Build.0 = Debug|x64
		{B6DF74E6-EEA9-4998-95D0-AA679A4A8B45}.Debug|x86.ActiveCfg = Debug|Win32
		{B6DF74E6-EEA9-4998-95D0-AA679A4A8B45}.Debug|x86.Build.0 = Debug|Win32
		{B6DF74E6-EEA9-4998-95D0-AA679A4A8B45}.Release|ARM.ActiveCfg = Release|x64
		{B6DF74E6-EEA9-4998-95D0-AA679A4A8B45}.Release|ARM.Build.0 = Release|x64
		{B6DF74E6-EEA9-4998-95D0-AA679A4A8B45}.Release|ARM64.ActiveCfg = Release|x64
		{B6DF74E6-EEA9-4998-95D0-AA679A4A8B45}.Release|ARM64.Build.0 = Release|x64
		{B6DF74E6-EEA9-4998-95D0-AA679A4A8B45}.Release|x64.ActiveCfg = Release|x64
		{B6DF74E6-EEA9-4998-95D0-AA679A4A8B45}.Release|x64.Build.0 = Release|x64
		{B6DF74E6-EEA9-4998-95D0-AA679A4A8B45}.Release|x86.ActiveCfg = Release|Win32
		{B6DF74E6-EEA9-4998-95D0-AA679A4A8B45}.Release|x86.Build.0 = Release|Win32
		{D9ED2267-9A44-4F1C-8407-63CC859D3DB3}.Debug|ARM.ActiveCfg = Debug|x64
		{D9ED2267-9A44-4F1C-8407-63CC859D3DB3}.Debug|ARM.Build.0 = Debug|x64
		{D9ED2267-9A44-4F1C-8407-63CC859D3DB3}.Debug|ARM64.ActiveCfg = Debug|x64
		{D9ED2267-9A44-4F1C-8407-63CC859D3DB3}.Debug|ARM64.Build.0 = Debug|x64
		{D9ED2267-9A44-4F1C-8407-63CC859D3DB3}.Debug|x64.ActiveCfg = Debug|x64
		{D9ED2267-9A44-4F1C-8407-63CC859D3DB3}.Debug|x64.Build.0 = Debug|x64
		{D9ED2267-9A44-4F1C-8407-63CC859D3DB3}.Debug|x86.ActiveCfg = Debug|Win32
		{D9ED2267-9A44-4F1C-8407-63CC859D3DB3}.Debug|x86.Build.0 = Debug|Win32
		{D9ED2267-9A44-4F1C-8407-63CC859D3DB3}.Release|ARM.ActiveCfg = Release|x64
		{D9ED2267-9A44-4F1C-8407-63CC859D3DB3}.Release|ARM.Build.0 = Release|x64
		{D9ED2267-9A44-4F1C-8407-63CC859D3DB3}.Release|ARM64.ActiveCfg = Release|x64
		{D9ED2267-9A44-4F1C-8407-63CC859D3DB3}.Release|ARM64.Build.0 = Release|x64
		{D9ED2267-9A44-4F1C-8407-63CC859D3DB3}.Release|x64.ActiveCfg = Release|x64
		{D9ED2267-9A44-4F1C-8407-63CC859D3DB3}.Release|x64.Build.0 = Release|x64
		{D9ED2267-9A44-4F1C-8407-63CC859D3DB3}.Release|x86.ActiveCfg = Release|Win32
		{D9ED2267-9A44-4F1C-8407-63CC859D3DB3}.Release|x86.Build.0 = Release|Win32
		{7D027C35-5C6F-48D9-997E-50C9F57CF65C}.Debug|ARM.ActiveCfg = Debug|x64
		{7D027C35-5C6F-48D9-997E-50C9F57CF65C}.Debug|ARM.Build.0 = Debug|x64
		{7D027C35-5C6F-48D9-997E-50C9F57CF65C}.Debug|ARM64.ActiveCfg = Debug|x64
		{7D027C35-5C6F-48D9-997E-50C9F57CF65C}.Debug|ARM64.Build.0 = Debug|x64
		{7D027C35-5C6F-48D9-997E-50C9F57CF65C}.Debug|x64.ActiveCfg = Debug|x64
		{7D027C35-5C6F-48D9-997E-50C9F57CF65C}.Debug|x64.Build.0 = Debug|x64
		{7D027C35-5C6F-48D9-997E-50C9F57CF65C}.Debug|x86.ActiveCfg = Debug|Win32
		{7D027C35-5C6F-48D9-997E-50C9F57CF65C}.Debug|x86.Build.0 = Debug|Win32
		{7D027C35-5C6F-48D9-997E-50C9F57CF65C}.Release|ARM.ActiveCfg = Release|x64
		{7D027C35-5C6F-48D9-997E-50C9F57CF65C}.Release|ARM.Build.0 = Release|x64
		{7D027C35-5C6F-48D9-997E-50C9F57CF65C}.Release|ARM64.ActiveCfg = Release|x64
		{7D027C35-5C6F-48D9-997E-50C9F57CF65C}.Release|ARM64.Build.0 = Release|x64
		{7D027C35-5C6F-48D9-997E-50C9F57CF65C}.Release|x64.ActiveCfg = Release|x64
		{7D027C35-5C6F-48D9-997E-50C9F57CF65C}.Release|x64.Build.0 = Release|x64
		{7D027C35-5C6F-48D9-997E-50C9F57CF65C}.Release|x86.ActiveCfg = Release|Win32
		{7D027C35-5C6F-48D9-997E-50C9F57CF65C}.Release|x86.Build.0 = Release|Win32
		{297AFB52-670E-41EA-80A2-C64DBD5EF800}.Debug|ARM.ActiveCfg = Debug|x64
		{297AFB52-670E-41EA-80A2-C64DBD5EF800}.Debug|ARM.Build.0 = Debug|x64
		{297AFB52-670E-41EA-80A2-C64DBD5EF800}.Debug|ARM64.ActiveCfg = Debug|x64
		{297AFB52-670E-41EA-80A2-C64DBD5EF800}.Debug|ARM64.Build.0 = Debug|x64
		{297AFB52-670E-41EA-80A2-C64DBD5EF800}.Debug|x64.ActiveCfg = Debug|x64
		{297AFB52-670E-41EA-80A2-C64DBD5EF800}.Debug|x64.Build.0 = Debug|x64
		{297AFB52-670E-41EA-80A2-C64DBD5EF800}.Debug|x86.ActiveCfg = Debug|Win32
		{297AFB52-670E-41EA-80A2-C64DBD5EF800}.Debug|x86.Build.0 = Debug|Win32
		{297AFB52-670E-41EA-80A2-C64DBD5EF800}.Release|ARM.ActiveCfg = Release|x64
		{297AFB52-670E-41EA-80A2-C64DBD5EF800}.Release|ARM.Build.0 = Release|x64
		{297AFB52-670E-41EA-80A2-C64DBD5EF800}.Release|ARM64.ActiveCfg = Release|x64
		{297AFB52-670E-41EA-80A2-C64DBD5EF800}.Release|ARM64.Build.0 = Release|x64
		{297AFB52-670E-41EA-80A2-C64DBD5EF800}.Release|x64.ActiveCfg = Release|x64
		{297AFB52-670E-41EA-80A2-C64DBD5EF800}.Release|x64.Build.0 = Release|x64
		{297AFB52-670E-41EA-80A2-C64DBD5EF800}.Release|x86.ActiveCfg = Release|Win32
		{297AFB52-670E-41EA-80A2-C64DBD5EF800}.Release|x86.Build.0 = Release|Win32
		{C139446F-625B-421C-A02D-FC279B8D8B8C}.Debug|ARM.ActiveCfg = Debug|x64
		{C139446F-625B-421C-A02D-FC279B8D8B8C}.Debug|ARM.Build.0 = Debug|x64
		{C139446F-625B-421C-A02D-FC279B8D8B8C}.Debug|ARM64.ActiveCfg = Debug|x64
		{C139446F-625B-421C-A02D-FC279B8D8B8C}.Debug|ARM64.Build.0 = Debug|x64
		{C139446F-625B-421C-A02D-FC279B8D8B8C}.Debug|x64.ActiveCfg = Debug|x64
		{C139446F-625B-421C-A02D-FC279B8D8B8C}.Debug|x64.Build.0 = Debug|x64
		{C139446F-625B-421C-A02D-FC279B8D8B8C}.Debug|x86.ActiveCfg = Debug|Win32
		{C139446F-625B-421C-A02D-FC279B8D8B8C}.Debug|x86.Build.0 = Debug|Win32
		{C139446F-625B-421C-A02D-FC279B8D8B8C}.Release|ARM.ActiveCfg = Release|x64
		{C139446F-625B-421C-A02D-FC279B8D8B8C}.Release|ARM.Build.0 = Release|x64
		{C139446F-625B-421C-A02D-FC279B8D8B8C}.Release|ARM64.ActiveCfg = Release|x64
		{C139446F-625B-421C-A02D-FC279B8D8B8C}.Release|ARM64.Build.0 = Release|x64
		{C139446F-625B-421C-A02D-FC279B8D8B8C}.Release|x64.ActiveCfg = Release|x64
		{C139446F-625B-421C-A02D-FC279B8D8B8C}.Release|x64.Build.0 = Release|x64
		{C139446F-625B-421C-A02D-FC279B8D8B8C}.Release|x86.ActiveCfg = Release|Win32
		{C139446F-625B-421C-A02D-FC279B8D8B8C}.Release|x86.Build.0 = Release|Win32
		{E529451B-6AD3-4346-9218-6963B8CA81F0}.Debug|ARM.ActiveCfg = Debug|x64
		{E529451B-6AD3-4346-9218-6963B8CA81F0}.Debug|ARM.Build.0 = Debug|x64
		{E529451B-6AD3-4346-9218-6963B8CA81F0}.Debug|ARM64.ActiveCfg = Debug|x64
		{E529451B-6AD3-4346-9218-6963B8CA81F0}.Debug|ARM64.Build.0 = Debug|x64
		{E529451B-6AD3-4346-9218-6963B8CA81F0}.Debug|x64.ActiveCfg = Debug|x64
		{E529451B-6AD3-4346-9218-6963B8CA81F0}.Debug|x64.Build.0 = Debug|x64
		{E529451B-6AD3-4346-9218-6963B8CA81F0}.Debug|x86.ActiveCfg = Debug|Win32
		{E529451B-6AD3-4346-9218-6963B8CA81F0}.Debug|x86.Build.0 = Debug|Win32
		{E529451B-6AD3-4346-9218-6963B8CA81F0}.Release|ARM.ActiveCfg = Release|x64
		{E529451B-6AD3-4346-9218-6963B8CA81F0}.Release|ARM.Build.0 = Release|x64
		{E529451B-6AD3-4346-9218-6963B8CA81F0}.Release|ARM64.ActiveCfg = Release|x64
		{E529451B-6AD3-4346-9218-6963B8CA81F0}.Release|ARM64.Build.0 = Release|x64
		{E529451B-6AD3-4346-9218-6963B8CA81F0}.Release|x64.ActiveCfg = Release|x64
		{E529451B-6AD3-4346-9218-6963B8CA81F0}.Release|x64.Build.0 = Release|x64
		{E529451B-6AD3-4346-9218-6963B8CA81F0}.Release|x86.ActiveCfg = Release|Win32
		{E529451B-6AD3-4346-9218-6963B8CA81F0}.Release|x86.Build.0 = Release|Win32
		{9FC181E4-E303-4A63-9ED0-7DF8CAD8F656}.Debug|ARM.ActiveCfg = Debug|x64
		{9FC181E4-E303-4A63-9ED0-7DF8CAD8F656}.Debug|ARM.Build.0 = Debug|x64
		{9FC181E4-E303-4A63-9ED0-7DF8CAD8F656}.Debug|ARM64.ActiveCfg = Debug|x64
		{9FC181E4-E303-4A63-9ED0-7DF8CAD8F656}.Debug|ARM64.Build.0 = Debug|x64
		{9FC181E4-E303-4A63-9ED0-7DF8CAD8F656}.Debug|x64.ActiveCfg = Debug|x64
		{9FC181E4-E303-4A63-9ED0-7DF8CAD8F656}.Debug|x64.Build.0 = Debug|x64
		{9FC181E4-E303-4A63-9ED0-7DF8CAD8F656}.Debug|x86.ActiveCfg = Debug|Win32
		{9FC181E4-E303-4A63-9ED0-7DF8CAD8F656}.Debug|x86.Build.0 = Debug|Win32
		{9FC181E4-E303-4A63-9ED0-7DF8CAD8F656}.Release|ARM.ActiveCfg = Release|x64
		{9FC181E4-E303-4A63-9ED0-7DF8CAD8F656}.Release|ARM.Build.0 = Release|x64
		{9FC181E4-E303-4A63-9ED0-7DF8CAD8F656}.Release|ARM64.ActiveCfg = Release|x64
		{9FC181E4-E303-4A63-9ED0-7DF8CAD8F656}.Release|ARM64.Build.0 = Release|x64
		{9FC181E4-E303-4A63-9ED0-7DF8CAD8F656}.Release|x64.ActiveCfg = Release|x64
		{9FC181E4-E303-4A63-9ED0-7DF8CAD8F656}.Release|x64.Build.0 = Release|x64
		{9FC181E4-E303-4A63-9ED0-7DF8CAD8F656}.Release|x86.ActiveCfg = Release|Win32
		{9FC181E4-E303-4A63-9ED0-7DF8CAD8F656}.Release|x86.Build.0 = Release|Win32
		{CDD14B1E-28D6-4317-AB56-0C9DBACF6B71}.Debug|ARM.ActiveCfg = Debug|x64
		{CDD14B1E-28D6-4317-AB56-0C9DBACF6B71}.Debug|ARM.Build.0 = Debug|x64
		{CDD14B1E-28D6-4317-AB56-0C9DBACF6B71}.Debug|ARM64.ActiveCfg = Debug|x64
		{CDD14B1E-28D6-4317-AB56-0C9DBACF6B71}.Debug|ARM64.Build.0 = Debug|x64
		{CDD14B1E-28D6-4317-AB56-0C9DBACF6B71}.Debug|x64.ActiveCfg = Debug|x64
		{CDD14B1E-28D6-4317-AB56-0C9DBACF6B71}.Debug|x64.Build.0 = Debug|x64
		{CDD14B1E-28D6-4317-AB56-0C9DBACF6B71}.Debug|x86.ActiveCfg = Debug|Win32
		{CDD14B1E-28D6-4317-AB56-0C9DBACF6B71}.Debug|x86.Build.0 = Debug|Win32
		{CDD14B1E-28D6-4317-AB56-0C9DBACF6B71}.Release|ARM.ActiveCfg = Release|x64
		{CDD14B1E-28D6-4317-AB56-0C9DBACF6B71}.Release|ARM.Build.0 = Release|x64
		{CDD14B1E-28D6-4317-AB56-0C9DBACF6B71}.Release|ARM64.ActiveCfg = Release|x64
		{CDD14B1E-28D6-4317-AB56-0C9DBACF6B71}.Release|ARM64.Build.0 = Release|x64
		{CDD14B1E-28D6-4317-AB56-0C9DBACF6B71}.Release|x64.ActiveCfg = Release|x64
		{CDD14B1E-28D6-4317-AB56-0C9DBACF6B71}.Release|x64.Build.0 = Release|x64
		{CDD14B1E-28D6-4317-AB56-0C9DBACF6B71}.Release|x86.ActiveCfg = Release|Win32
		{CDD14B1E-28D6-4317-AB56-0C9DBACF6B71}.Release|x86.Build.0 = Release|Win32
		{A3B836C8-6194-4168-BD46-E17D7E081C48}.Debug|ARM.ActiveCfg = Debug|x64
		{A3B836C8-6194-4168-BD46-E17D7E081C48}.Debug|ARM.Build.0 = Debug|x64
		{A3B836C8-6194-4168-BD46-E17D7E081C48}.Debug|ARM64.ActiveCfg = Debug|x64
		{A3B836C8-6194-4168-BD46-E17D7E081C48}.Debug|ARM64.Build.0 = Debug|x64
		{A3B836C8-6194-4168-BD46-E17D7E081C48}.Debug|x64.ActiveCfg = Debug|x64
		{A3B836C8-6194-4168-BD46-E17D7E081C48}.Debug|x64.Build.0 = Debug|x64
		{A3B836C8-6194-4168-BD46-E17D7E081C48}.Debug|x86.ActiveCfg = Debug|Win32
		{A3B836C8-6194-4168-BD46-E17D7E081C48}.Debug|x86.Build.0 = Debug|Win32
		{A3B836C8-6194-4168-BD46-E17D7E081C48}.Release|ARM.ActiveCfg = Release|x64
		{A3B836C8-6194-4168-BD46-E17D7E081C48}.Release|ARM.Build.0 = Release|x64
		{A3B836C8-6194-4168-BD46-E17D7E081C48}.Release|ARM64.ActiveCfg = Release|x64
		{A3B836C8-6194-4168-BD46-E17D7E081C48}.Release|ARM64.Build.0 = Release|x64
		{A3B836C8-6194-4168-BD46-E17D7E081C48}.Release|x64.ActiveCfg = Release|x64
		{A3B836C8-6194-4168-BD46-E17D7E081C48}.Release|x64.Build.0 = Release|x64
		{A3B836C8-6194-4168-BD46-E17D7E081C48}.Release|x86.ActiveCfg = Release|Win32
		{A3B836C8-6194-4168-BD46-E17D7E081C48}.Release|x86.Build.0 = Release|Win32
		{83748D5C-F2A9-463B-8E5A-5A3FDDD99A47}.Debug|ARM.ActiveCfg = Debug|x64
		{83748D5C-F2A9-463B-8E5A-5A3FDDD99A47}.Debug|ARM.Build.0 = Debug|x64
		{83748D5C-F2A9-463B-8E5A-5A3FDDD99A47}.Debug|ARM64.ActiveCfg = Debug|x64
		{83748D5C-F2A9-463B-8E5A-5A3FDDD99A47}.Debug|ARM64.Build.0 = Debug|x64
		{83748D5C-F2A9-463B-8E5A-5A3FDDD99A47}.Debug|x64.ActiveCfg = Debug|x64
		{83748D5C-F2A9-463B-8E5A-5A3FDDD99A47}.Debug|x64.Build.0 = Debug|x64
		{83748D5C-F2A9-463B-8E5A-5A3FDDD99A47}.Debug|x86.ActiveCfg = Debug|Win32
		{83748D5C-F2A9-463B-8E5A-5A3FDDD99A47}.Debug|x86.Build.0 = Debug|Win32
		{83748D5C-F2A9-463B-8E5A-5A3FDDD99A47}.Release|ARM.ActiveCfg = Release|x64
		{83748D5C-F2A9-463B-8E5A-5A3FDDD99A47}.Release|ARM.Build.0 = Release|x64
		{83748D5C-F2A9-463B-8E5A-5A3FDDD99A47}.Release|ARM64.ActiveCfg = Release|x64
		{83748D5C-F2A9-463B-8E5A-5A3FDDD99A47}.Release|ARM64.Build.0 = Release|x64
		{83748D5C-F2A9-463B-8E5A-5A3FDDD99A47}.Release|x64.ActiveCfg = Release|x64
		{83748D5C-F2A9-463B-8E5A-5A3FDDD99A47}.Release|x64.Build.0 = Release|x64
		{83748D5C-F2A9-463B-8E5A-5A3FDDD99A47}.Release|x86.ActiveCfg = Release|Win32
		{83748D5C-F2A9-463B-8E5A-5A3FDDD99A47}.Release|x86.Build.0 = Release|Win32
		{DBFA1230-0F43-49D7-AA42-21F22F8D65A2}.Debug|ARM.ActiveCfg = Debug|x64
		{DBFA1230-0F43-49D7-AA42-21F22F8D65A2}.Debug|ARM.Build.0 = Debug|x64
		{DBFA1230-0F43-49D7-AA42-21F22F8D65A2}.Debug|ARM64.ActiveCfg = Debug|x64
		{DBFA1230-0F43-49D7-AA42-21F22F8D65A2}.Debug|ARM64.Build.0 = Debug|x64
		{DBFA1230-0F43-49D7-AA42-21F22F8D65A2}.Debug|x64.ActiveCfg = Debug|x64
		{DBFA1230-0F43-49D7-AA42-21F22F8D65A2}.Debug|x64.Build.0 = Debug|x64
		{DBFA1230-0F43-49D7-AA42-21F22F8D65A2}.Debug|x86.ActiveCfg = Debug|Win32
		{DBFA1230-0F43-49D7-AA42-21F22F8D65A2}.Debug|x86.Build.0 = Debug|Win32
		{DBFA1230-0F43-49D7-AA42-21F22F8D65A2}.Release|ARM.ActiveCfg = Release|x64
		{DBFA1230-0F43-49D7-AA42-21F22F8D65A2}.Release|ARM.Build.0 = Release|x64
		{DBFA1230-0F43-49D7-AA42-21F22F8D65A2}.Release|ARM64.ActiveCfg = Release|x64
		{DBFA1230-0F43-49D7-AA42-21F22F8D65A2}.Release|ARM64.Build.0 = Release|x64
		{DBFA1230-0F43-49D7-AA42-21F22F8D65A2}.Release|x64.ActiveCfg = Release|x64
		{DBFA1230-0F43-49D7-AA42-21F22F8D65A2}.Release|x64.Build.0 = Release|x64
		{DBFA1230-0F43-49D7-AA42-21F22F8D65A2}.Release|x86.ActiveCfg = Release|Win32
		{DBFA1230-0F43-49D7-AA42-21F22F8D65A2}.Release|x86.Build.0 = Release|Win32
		{6F30BC1A-183F-4C78-933D-9E04B30D3A73}.Debug|ARM.ActiveCfg = Debug|x64
		{6F30BC1A-183F-4C78-933D-9E04B30D3A73}.Debug|ARM.Build.0 = Debug|x64
		{6F30BC1A-183F-4C78-933D-9E04B30D3A73}.Debug|ARM64.ActiveCfg = Debug|x64
		{6F30BC1A-183F-4C78-933D-9E04B30D3A73}.Debug|ARM64.Build.0 = Debug|x64
		{6F30BC1A-183F-4C78-933D-9E04B30D3A73}.Debug|x64.ActiveCfg = Debug|x64
		{6F30BC1A-183F-4C78-933D-9E04B30D3A73}.Debug|x64.Build.0 = Debug|x64
		{6F30BC1A-183F-4C78-933D-9E04B30D3A73}.Debug|x86.ActiveCfg = Debug|Win32
		{6F30BC1A-183F-4C78-933D-9E04B30D3A73}.Debug|x86.Build.0 = Debug|Win32
		{6F30BC1A-183F-4C78-933D-9E04B30D3A73}.Release|ARM.ActiveCfg = Release|x64
		{6F30BC1A-183F-4C78-933D-9E04B30D3A73}.Release|ARM.Build.0 = Release|x64
		{6F30BC1A-183F-4C78-933D-9E04B30D3A73}.Release|ARM64.ActiveCfg = Release|x64
		{6F30BC1A-183F-4C78-933D-9E04B30D3A73}.Release|ARM64.Build.0 = Release|x64
		{6F30BC1A-183F-4C78-933D-9E04B30D3A73}.Release|x64.ActiveCfg = Release|x64
		{6F30BC1A-183F-4C78-933D-9E04B30D3A73}.Release|x64.Build.0 = Release|x64
		{6F30BC1A-183F-4C78-933D-9E04B30D3A73}.Release|x86.ActiveCfg = Release|Win32
		{6F30BC1A-183F-4C78-933D-9E04B30D3A73}.Release|x86.Build.0 = Release|Win32
		{9B4D4E36-35F3-411B-9303-B1361282FE79}.Debug|ARM.ActiveCfg = Debug|x64
		{9B4D4E36-35F3-411B-9303-B1361282FE79}.Debug|ARM.Build.0 = Debug|x64
		{9B4D4E36-35F3-411B-9303-B1361282FE79}.Debug|ARM64.ActiveCfg = Debug|x64
		{9B4D4E36-35F3-411B-9303-B1361282FE79}.Debug|ARM64.Build.0 = Debug|x64
		{9B4D4E36-35F3-411B-9303-B1361282FE79}.Debug|x64.ActiveCfg = Debug|x64
		{9B4D4E36-35F3-411B-9303-B1361282FE79}.Debug|x64.Build.0 = Debug|x64
		{9B4D4E36-35F3-411B-9303-B1361282FE79}.Debug|x86.ActiveCfg = Debug|Win32
		{9B4D4E36-35F3-411B-9303-B1361282FE79}.Debug|x86.Build.0 = Debug|Win32
		{9B4D4E36-35F3-411B-9303-B1361282FE79}.Release|ARM.ActiveCfg = Release|x64
		{9B4D4E36-35F3-411B-9303-B1361282FE79}.Release|ARM.Build.0 = Release|x64
		{9B4D4E36-35F3-411B-9303-B1361282FE79}.Release|ARM64.ActiveCfg = Release|x64
		{9B4D4E36-35F3-411B-9303-B1361282FE79}.Release|ARM64.Build.0 = Release|x64
		{9B4D4E36-35F3-411B-9303-B1361282FE79}.Release|x64.ActiveCfg = Release|x64
		{9B4D4E36-35F3-411B-9303-B1361282FE79}.Release|x64.Build.0 = Release|x64
		{9B4D4E36-35F3-411B-9303-B1361282FE79}.Release|x86.ActiveCfg = Release|Win32
		{9B4D4E36-35F3-411B-9303-B1361282FE79}.Release|x86.Build.0 = Release|Win32
		{A28BA25E-4886-4F7A-A1E8-06C3149E02BC}.Debug|ARM.ActiveCfg = Debug|x64
		{A28BA25E-4886-4F7A-A1E8-06C3149E02BC}.Debug|ARM.Build.0 = Debug|x64
		{A28BA25E-4886-4F7A-A1E8-06C3149E02BC}.Debug|ARM64.ActiveCfg = Debug|x64
		{A28BA25E-4886-4F7A-A1E8-06C3149E02BC}.Debug|ARM64.Build.0 = Debug|x64
		{A28BA25E-4886-4F7A-A1E8-06C3149E02BC}.Debug|x64.ActiveCfg = Debug|x64
		{A28BA25E-4886-4F7A-A1E8-06C3149E02BC}.Debug|x64.Build.0 = Debug|x64
		{A28BA25E-4886-4F7A-A1E8-06C3149E02BC}.Debug|x86.ActiveCfg = Debug|Win32
		{A28BA25E-4886-4F7A-A1E8-06C3149E02BC}.Debug|x86.Build.0 = Debug|Win32
		{A28BA25E-4886-4F7A-A1E8-06C3149E02BC}.Release|ARM.ActiveCfg = Release|x64
		{A28BA25E-4886-4F7A-A1E8-06C3149E02BC}.Release|ARM.Build.0 = Release|x64
		{A28BA25E-4886-4F7A-A1E8-06C3149E02BC}.Release|ARM64.ActiveCfg = Release|x64
		{A28BA25E-4886-4F7A-A1E8-06C3149E02BC}.Release|ARM64.Build.0 = Release|x64
		{A28BA25E-4886-4F7A-A1E8-06C3149E02BC}.Release|x64.ActiveCfg = Release|x64
		{A28BA25E-4886-4F7A-A1E8-06C3149E02BC}.Release|x64.Build.0 = Release|x64
		{A28BA25E-4886-4F7A-A1E8-06C3149E02BC}.Release|x86.ActiveCfg = Release|Win32
		{A28BA25E-4886-4F7A-A1E8-06C3149E02BC}.Release|x86.Build.0 = Release|Win32
		{0DC94A18-00C5-4E74-9A7F-A949321E2072}.Debug|ARM.ActiveCfg = Debug|x64
		{0DC94A18-00C5-4E74-9A7F-A949321E2072}.Debug|ARM.Build.0 = Debug|x64
		{0DC94A18-00C5-4E74-9A7F-A949321E2072}.Debug|ARM64.ActiveCfg = Debug|x64
		{0DC94A18-00C5-4E74-9A7F-A949321E2072}.Debug|ARM64.Build.0 = Debug|x64
		{0DC94A18-00C5-4E74-9A7F-A949321E2072}.Debug|x64.ActiveCfg = Debug|x64
		{0DC94A18-00C5-4E74-9A7F-A949321E2072}.Debug|x64.Build.0 = Debug|x64
		{0DC94A18-00C5-4E74-9A7F-A949321E2072}.Debug|x86.ActiveCfg = Debug|Win32
		{0DC94A18-00C5-4E74-9A7F-A949321E2072}.Debug|x86.Build.0 = Debug|Win32
		{0DC94A18-00C5-4E74-9A7F-A949321E2072}.Release|ARM.ActiveCfg = Release|x64
		{0DC94A18-00C5-4E74-9A7F-A949321E2072}.Release|ARM.Build.0 = Release|x64
		{0DC94A18-00C5-4E74-9A7F-A949321E2072}.Release|ARM64.ActiveCfg = Release|x64
		{0DC94A18-00C5-4E74-9A7F-A949321E2072}.Release|ARM64.Build.0 = Release|x64
		{0DC94A18-00C5-4E74-9A7F-A949321E2072}.Release|x64.ActiveCfg = Release|x64
		{0DC94A18-00C5-4E74-9A7F-A949321E2072}.Release|x64.Build.0 = Release|x64
		{0DC94A18-00C5-4E74-9A7F-A949321E2072}.Release|x86.ActiveCfg = Release|Win32
		{0DC94A18-00C5-4E74-9A7F-A949321E2072}.Release|x86.Build.0 = Release|Win32
		{98BD07C9-15C3-400B-B7F9-477F1E759B63}.Debug|ARM.ActiveCfg = Debug|x64
		{98BD07C9-15C3-400B-B7F9-477F1E759B63}.Debug|ARM.Build.0 = Debug|x64
		{98BD07C9-15C3-400B-B7F9-477F1E759B63}.Debug|ARM64.ActiveCfg = Debug|x64
		{98BD07C9-15C3-400B-B7F9-477F1E759B63}.Debug|ARM64.Build.0 = Debug|x64
		{98BD07C9-15C3-400B-B7F9-477F1E759B63}.Debug|x64.ActiveCfg = Debug|x64
		{98BD07C9-15C3-400B-B7F9-477F1E759B63}.Debug|x64.Build.0 = Debug|x64
		{98BD07C9-15C3-400B-B7F9-477F1E759B63}.Debug|x86.ActiveCfg = Debug|Win32
		{98BD07C9-15C3-400B-B7F9-477F1E759B63}.Debug|x86.Build.0 = Debug|Win32
		{98BD07C9-15C3-400B-B7F9-477F1E759B63}.Release|ARM.ActiveCfg = Release|x64
		{98BD07C9-15C3-400B-B7F9-477F1E759B63}.Release|ARM.Build.0 = Release|x64
		{98BD07C9-15C3-400B-B7F9-477F1E759B63}.Release|ARM64.ActiveCfg = Release|x64
		{98BD07C9-15C3-400B-B7F9-477F1E759B63}.Release|ARM64.Build.0 = Release|x64
		{98BD07C9-15C3-400B-B7F9-477F1E759B63}.Release|x64.ActiveCfg = Release|x64
		{98BD07C9-15C3-400B-B7F9-477F1E759B63}.Release|x64.Build.0 = Release|x64
		{98BD07C9-15C3-400B-B7F9-477F1E759B63}.Release|x86.ActiveCfg = Release|Win32
		{98BD07C9-15C3-400B-B7F9-477F1E759B63}.Release|x86.Build.0 = Release|Win32
		{0C813A0B-109B-417C-AA39-CAECB0144B01}.Debug|ARM.ActiveCfg = Debug|x64
		{0C813A0B-109B-417C-AA39-CAECB0144B01}.Debug|ARM.Build.0 = Debug|x64
		{0C813A0B-109B-417C-AA39-CAECB0144B01}.Debug|ARM64.ActiveCfg = Debug|x64
		{0C813A0B-109B-417C-AA39-CAECB0144B01}.Debug|ARM64.Build.0 = Debug|x64
		{0C813A0B-109B-417C-AA39-CAECB0144B01}.Debug|x64.ActiveCfg = Debug|x64
		{0C813A0B-109B-417C-AA39-CAECB0144B01}.Debug|x64.Build.0 = Debug|x64
		{0C813A0B-109B-417C-AA39-CAECB0144B01}.Debug|x86.ActiveCfg = Debug|Win32
		{0C813A0B-109B-417C-AA39-CAECB0144B01}.Debug|x86.Build.0 = Debug|Win32
		{0C813A0B-109B-417C-AA39-CAECB0144B01}.Release|ARM.ActiveCfg = Release|x64
		{0C813A0B-109B-417C-AA39-CAECB0144B01}.Release|ARM.Build.0 = Release|x64
		{0C813A0B-109B-417C-AA39-CAECB0144B01}.Release|ARM64.ActiveCfg = Release|x64
		{0C813A0B-109B-417C-AA39-CAECB0144B01}.Release|ARM64.Build.0 = Release|x64
		{0C813A0B-109B-417C-AA39-CAECB0144B01}.Release|x64.ActiveCfg = Release|x64
		{0C813A0B-109B-417C-AA39-CAECB0144B01}.Release|x64.Build.0 = Release|x64
		{0C813A0B-109B-417C-AA39-CAECB0144B01}.Release|x86.ActiveCfg = Release|Win32
		{0C813A0B-109B-417C-AA39-CAECB0144B01}.Release|x86.Build.0 = Release|Win32
		{4497842D-900E-4CFD-B797-D59996965FA3}.Debug|ARM.ActiveCfg = Debug|x64
		{4497842D-900E-4CFD-B797-D59996965FA3}.Debug|ARM.Build.0 = Debug|x64
		{4497842D-900E-4CFD-B797-D59996965FA3}.Debug|ARM64.ActiveCfg = Debug|x64
		{4497842D-900E-4CFD-B797-D59996965FA3}.Debug|ARM64.Build.0 = Debug|x64
		{4497842D-900E-4CFD-B797-D59996965FA3}.Debug|x64.ActiveCfg = Debug|x64
		{4497842D-900E-4CFD-B797-D59996965FA3}.Debug|x64.Build.0 = Debug|x64
		{4497842D-900E-4CFD-B797-D59996965FA3}.Debug|x86.ActiveCfg = Debug|Win32
		{4497842D-900E-4CFD-B797-D59996965FA3}.Debug|x86.Build.0 = Debug|Win32
		{4497842D-900E-4CFD-B797-D59996965FA3}.Release|ARM.ActiveCfg = Release|x64
		{4497842D-900E-4CFD-B797-D59996965FA3}.Release|ARM.Build.0 = Release|x64
		{4497842D-900E-4CFD-B797-D59996965FA3}.Release|ARM64.ActiveCfg = Release|x64
		{4497842D-900E-4CFD-B797-D59996965FA3}.Release|ARM64.Build.0 = Release|x64
		{4497842D-900E-4CFD-B797-D59996965FA3}.Release|x64.ActiveCfg = Release|x64
		{4497842D-900E-4CFD-B797-D59996965FA3}.Release|x64.Build.0 = Release|x64
		{4497842D-900E-4CFD-B797-D59996965FA3}.Release|x86.ActiveCfg = Release|Win32
		{4497842D-900E-4CFD-B797-D59996965FA3}.Release|x86.Build.0 = Release|Win32
		{B6534F8F-C61E-4D08-A800-D5EC4F7D9E84}.Debug|ARM.ActiveCfg = Debug|x64
		{B6534F8F-C61E-4D08-A800-D5EC4F7D9E84}.Debug|ARM.Build.0 = Debug|x64
		{B6534F8F-C61E-4D08-A800-D5EC4F7D9E84}.Debug|ARM64.ActiveCfg = Debug|x64
		{B6534F8F-C61E-4D08-A800-D5EC4F7D9E84}.Debug|ARM64.Build.0 = Debug|x64
		{B6534F8F-C61E-4D08-A800-D5EC4F7D9E84}.Debug|x64.ActiveCfg = Debug|x64
		{B6534F8F-C61E-4D08-A800-D5EC4F7D9E84}.Debug|x64.Build.0 = Debug|x64
		{B6534F8F-C61E-4D08-A800-D5EC4F7D9E84}.Debug|x86.ActiveCfg = Debug|Win32
		{B6534F8F-C61E-4D08-A800-D5EC4F7D9E84}.Debug|x86.Build.0 = Debug|Win32
		{B6534F8F-C61E-4D08-A800-D5EC4F7D9E84}.Release|ARM.ActiveCfg = Release|x64
		{B6534F8F-C61E-4D08-A800-D5EC4F7D9E84}.Release|ARM.Build.0 = Release|x64
		{B6534F8F-C61E-4D08-A800-D5EC4F7D9E84}.Release|ARM64.ActiveCfg = Release|x64
		{B6534F8F-C61E-4D08-A800-D5EC4F7D9E84}.Release|ARM64.Build.0 = Release|x64
		{B6534F8F-C61E-4D08-A800-D5EC4F7D9E84}.Release|x64.ActiveCfg = Release|x64
		{B6534F8F-C61E-4D08-A800-D5EC4F7D9E84}.Release|x64.Build.0 = Release|x64
		{B6534F8F-C61E-4D08-A800-D5EC4F7D9E84}.Release|x86.ActiveCfg = Release|Win32
		{B6534F8F-C61E-4D08-A800-D5EC4F7D9E84}.Release|x86.Build.0 = Release|Win32
		{9105A2C5-4155-4CC0-8604-15CA6CF6D1BE}.Debug|ARM.ActiveCfg = Debug|x64
		{9105A2C5-4155-4CC0-8604-15CA6CF6D1BE}.Debug|ARM.Build.0 = Debug|x64
		{9105A2C5-4155-4CC0-8604-15CA6CF6D1BE}.Debug|ARM64.ActiveCfg = Debug|x64
		{9105A2C5-4155-4CC0-8604-15CA6CF6D1BE}.Debug|ARM64.Build.0 = Debug|x64
		{9105A2C5-4155-4CC0-8604-15CA6CF6D1BE}.Debug|x64.ActiveCfg = Debug|x64
		{9105A2C5-4155-4CC0-8604-15CA6CF6D1BE}.Debug|x64.Build.0 = Debug|x64
		{9105A2C5-4155-4CC0-8604-15CA6CF6D1BE}.Debug|x86.ActiveCfg = Debug|Win32
		{9105A2C5-4155-4CC0-8604-15CA6CF6D1BE}.Debug|x86.Build.0 = Debug|Win32
		{9105A2C5-4155-4CC0-8604-15CA6CF6D1BE}.Release|ARM.ActiveCfg = Release|x64
		{9105A2C5-4155-4CC0-8604-15CA6CF6D1BE}.Release|ARM.Build.0 = Release|x64
		{9105A2C5-4155-4CC0-8604-15CA6CF6D1BE}.Release|ARM64.ActiveCfg = Release|x64
		{9105A2C5-4155-4CC0-8604-15CA6CF6D1BE}.Release|ARM64.Build.0 = Release|x64
		{9105A2C5-4155-4CC0-8604-15CA6CF6D1BE}.Release|x64.ActiveCfg = Release|x64
		{9105A2C5-4155-4CC0-8604-15CA6CF6D1BE}.Release|x64.Build.0 = Release|x64
		{9105A2C5-4155-4CC0-8604-15CA6CF6D1BE}.Release|x86.ActiveCfg = Release|Win32
		{9105A2C5-4155-4CC0-8604-15CA6CF6D1BE}.Release|x86.Build.0 = Release|Win32
		{4FFA3B90-BAAE-46EE-9CBE-697A033BC8B3}.Debug|ARM.ActiveCfg = Debug|x64
		{4FFA3B90-BAAE-46EE-9CBE-697A033BC8B3}.Debug|ARM.Build.0 = Debug|x64
		{4FFA3B90-BAAE-46EE-9CBE-697A033BC8B3}.Debug|ARM64.ActiveCfg = Debug|x64
		{4FFA3B90-BAAE-46EE-9CBE-697A033BC8B3}.Debug|ARM64.Build.0 = Debug|x64
		{4FFA3B90-BAAE-46EE-9CBE-697A033BC8B3}.Debug|x64.ActiveCfg = Debug|x64
		{4FFA3B90-BAAE-46EE-9CBE-697A033BC8B3}.Debug|x64.Build.0 = Debug|x64
		{4FFA3B90-BAAE-46EE-9CBE-697A033BC8B3}.Debug|x86.ActiveCfg = Debug|Win32
		{4FFA3B90-BAAE-46EE-9CBE-697A033BC8B3}.Debug|x86.Build.0 = Debug|Win32
		{4FFA3B90-BAAE-46EE-9CBE-697A033BC8B3}.Release|ARM.ActiveCfg = Release|x64
		{4FFA3B90-BAAE-46EE-9CBE-697A033BC8B3}.Release|ARM.Build.0 = Release|x64
		{4FFA3B90-BAAE-46EE-9CBE-697A033BC8B3}.Release|ARM64.ActiveCfg = Release|x64
		{4FFA3B90-BAAE-46EE-9CBE-697A033BC8B3}.Release|ARM64.Build.0 = Release|x64
		{4FFA3B90-BAAE-46EE-9CBE-697A033BC8B3}.Release|x64.ActiveCfg = Release|x64
		{4FFA3B90-BAAE-46EE-9CBE-697A033BC8B3}.Release|x64.Build.0 = Release|x64
		{4FFA3B90-BAAE-46EE-9CBE-697A033BC8B3}.Release|x86.ActiveCfg = Release|Win32
		{4FFA3B90-BAAE-46EE-9CBE-697A033BC8B3}.Release|x86.Build.0 = Release|Win32
		{C271AC7A-4E66-4A9A-8AAD-A65A6B073E9E}.Debug|ARM.ActiveCfg = Debug|x64
		{C271AC7A-4E66-4A9A-8AAD-A65A6B073E9E}.Debug|ARM.Build.0 = Debug|x64
		{C271AC7A-4E66-4A9A-8AAD-A65A6B073E9E}.Debug|ARM64.ActiveCfg = Debug|x64
		{C271AC7A-4E66-4A9A-8AAD-A65A6B073E9E}.Debug|ARM64.Build.0 = Debug|x64
		{C271AC7A-4E66-4A9A-8AAD-A65A6B073E9E}.Debug|x64.ActiveCfg = Debug|x64
		{C271AC7A-4E66-4A9A-8AAD-A65A6B073E9E}.Debug|x64.Build.0 = Debug|x64
		{C271AC7A-4E66-4A9A-8AAD-A65A6B073E9E}.Debug|x86.ActiveCfg = Debug|Win32
		{C271AC7A-4E66-4A9A-8AAD-A65A6B073E9E}.Debug|x86.Build.0 = Debug|Win32
		{C271AC7A-4E66-4A9A-8AAD-A65A6B073E9E}.Release|ARM.ActiveCfg = Release|x64
		{C271AC7A-4E66-4A9A-8AAD-A65A6B073E9E}.Release|ARM.Build.0 = Release|x64
		{C271AC7A-4E66-4A9A-8AAD-A65A6B073E9E}.Release|ARM64.ActiveCfg = Release|x64
		{C271AC7A-4E66-4A9A-8AAD-A65A6B073E9E}.Release|ARM64.Build.0 = Release|x64
		{C271AC7A-4E66-4A9A-8AAD-A65A6B073E9E}.Release|x64.ActiveCfg = Release|x64
		{C271AC7A-4E66-4A9A-8AAD-A65A6B073E9E}.Release|x64.Build.0 = Release|x64
		{C271AC7A-4E66-4A9A-8AAD-A65A6B073E9E}.Release|x86.ActiveCfg = Release|Win32
		{C271AC7A-4E66-4A9A-8AAD-A65A6B073E9E}.Release|x86.Build.0 = Release|Win32
		{EA87FA2C-8C65-4B01-BA52-7AE40734030B}.Debug|ARM.ActiveCfg = Debug|x64
		{EA87FA2C-8C65-4B01-BA52-7AE40734030B}.Debug|ARM.Build.0 = Debug|x64
		{EA87FA2C-8C65-4B01-BA52-7AE40734030B}.Debug|ARM64.ActiveCfg = Debug|x64
		{EA87FA2C-8C65-4B01-BA52-7AE40734030B}.Debug|ARM64.Build.0 = Debug|x64
		{EA87FA2C-8C65-4B01-BA52-7AE40734030B}.Debug|x64.ActiveCfg = Debug|x64
		{EA87FA2C-8C65-4B01-BA52-7AE40734030B}.Debug|x64.Build.0 = Debug|x64
		{EA87FA2C-8C65-4B01-BA52-7AE40734030B}.Debug|x86.ActiveCfg = Debug|Win32
		{EA87FA2C-8C65-4B01-BA52-7AE40734030B}.Debug|x86.Build.0 = Debug|Win32
		{EA87FA2C-8C65-4B01-BA52-7AE40734030B}.Release|ARM.ActiveCfg = Release|x64
		{EA87FA2C-8C65-4B01-BA52-7AE40734030B}.Release|ARM.Build.0 = Release|x64
		{EA87FA2C-8C65-4B01-BA52-7AE40734030B}.Release|ARM64.ActiveCfg = Release|x64
		{EA87FA2C-8C65-4B01-BA52-7AE40734030B}.Release|ARM64.Build.0 = Release|x64
		{EA87FA2C-8C65-4B01-BA52-7AE40734030B}.Release|x64.ActiveCfg = Release|x64
		{EA87FA2C-8C65-4B01-BA52-7AE40734030B}.Release|x64.Build.0 = Release|x64
		{EA87FA2C-8C65-4B01-BA52-7AE40734030B}.Release|x86.ActiveCfg = Release|Win32
		{EA87FA2C-8C65-4B01-BA52-7AE40734030B}.Release|x86.Build.0 = Release|Win32
		{BCB5A584-E87A-45B9-8305-C84B03AD069B}.Debug|ARM.ActiveCfg = Debug|x64
		{BCB5A584-E87A-45B9-8305-C84B03AD069B}.Debug|ARM.Build.0 = Debug|x64
		{BCB5A584-E87A-45B9-8305-C84B03AD069B}.Debug|ARM64.ActiveCfg = Debug|x64
		{BCB5A584-E87A-45B9-8305-C84B03AD069B}.Debug|ARM64.Build.0 = Debug|x64
		{BCB5A584-E87A-45B9-8305-C84B03AD069B}.Debug|x64.ActiveCfg = Debug|x64
		{BCB5A584-E87A-45B9-8305-C84B03AD069B}.Debug|x64.Build.0 = Debug|x64
		{BCB5A584-E87A-45B9-8305-C84B03AD069B}.Debug|x86.ActiveCfg = Debug|Win32
		{BCB5A584-E87A-45B9-8305-C84B03AD069B}.Debug|x86.Build.0 = Debug|Win32
		{BCB5A584-E87A-45B9-8305-C84B03AD069B}.Release|ARM.ActiveCfg = Release|x64
		{BCB5A584-E87A-45B9-8305-C84B03AD069B}.Release|ARM.Build.0 = Release|x64
		{BCB5A584-E87A-45B9-8305-C84B03AD069B}.Release|ARM64.ActiveCfg = Release|x64
		{BCB5A584-E87A-45B9-8305-C84B03AD069B}.Release|ARM64.Build.0 = Release|x64
		{BCB5A584-E87A-45B9-8305-C84B03AD069B}.Release|x64.ActiveCfg = Release|x64
		{BCB5A584-E87A-45B9-8305-C84B03AD069B}.Release|x64.Build.0 = Release|x64
		{BCB5A584-E87A-45B9-8305-C84B03AD069B}.Release|x86.ActiveCfg = Release|Win32
		{BCB5A584-E87A-45B9-8305-C84B03AD069B}.Release|x86.Build.0 = Release|Win32
		{575BEED7-6DAC-4356-B031-6B1606F12265}.Debug|ARM.ActiveCfg = Debug|ARM
		{575BEED7-6DAC-4356-B031-6B1606F12265}.Debug|ARM.Build.0 = Debug|ARM
		{575BEED7-6DAC-4356-B031-6B1606F12265}.Debug|ARM.Deploy.0 = Debug|ARM
		{575BEED7-6DAC-4356-B031-6B1606F12265}.Debug|ARM64.ActiveCfg = Debug|ARM64
		{575BEED7-6DAC-4356-B031-6B1606F12265}.Debug|ARM64.Build.0 = Debug|ARM64
		{575BEED7-6DAC-4356-B031-6B1606F12265}.Debug|ARM64.Deploy.0 = Debug|ARM64
		{575BEED7-6DAC-4356-B031-6B1606F12265}.Debug|x64.ActiveCfg = Debug|x64
		{575BEED7-6DAC-4356-B031-6B1606F12265}.Debug|x64.Build.0 = Debug|x64
		{575BEED7-6DAC-4356-B031-6B1606F12265}.Debug|x64.Deploy.0 = Debug|x64
		{575BEED7-6DAC-4356-B031-6B1606F12265}.Debug|x86.ActiveCfg = Debug|x86
		{575BEED7-6DAC-4356-B031-6B1606F12265}.Debug|x86.Build.0 = Debug|x86
		{575BEED7-6DAC-4356-B031-6B1606F12265}.Debug|x86.Deploy.0 = Debug|x86
		{575BEED7-6DAC-4356-B031-6B1606F12265}.Release|ARM.ActiveCfg = Release|ARM
		{575BEED7-6DAC-4356-B031-6B1606F12265}.Release|ARM.Build.0 = Release|ARM
		{575BEED7-6DAC-4356-B031-6B1606F12265}.Release|ARM.Deploy.0 = Release|ARM
		{575BEED7-6DAC-4356-B031-6B1606F12265}.Release|ARM64.ActiveCfg = Release|ARM64
		{575BEED7-6DAC-4356-B031-6B1606F12265}.Release|ARM64.Build.0 = Release|ARM64
		{575BEED7-6DAC-4356-B031-6B1606F12265}.Release|ARM64.Deploy.0 = Release|ARM64
		{575BEED7-6DAC-4356-B031-6B1606F12265}.Release|x64.ActiveCfg = Release|x64
		{575BEED7-6DAC-4356-B031-6B1606F12265}.Release|x64.Build.0 = Release|x64
		{575BEED7-6DAC-4356-B031-6B1606F12265}.Release|x64.Deploy.0 = Release|x64
		{575BEED7-6DAC-4356-B031-6B1606F12265}.Release|x86.ActiveCfg = Release|x86
		{575BEED7-6DAC-4356-B031-6B1606F12265}.Release|x86.Build.0 = Release|x86
		{575BEED7-6DAC-4356-B031-6B1606F12265}.Release|x86.Deploy.0 = Release|x86
	EndGlobalSection
	GlobalSection(SolutionProperties) = preSolution
		HideSolutionNode = FALSE
	EndGlobalSection
	GlobalSection(NestedProjects) = preSolution
		{10167BD5-62F9-4F22-8FA8-374E102DF14C} = {8EBE9AB0-920F-4B6E-B695-A95CBC521A53}
		{F39310A1-48DD-4BB6-B8FE-DE0609590B7B} = {8EBE9AB0-920F-4B6E-B695-A95CBC521A53}
		{EBF6008A-5C15-4313-826F-FFD9B8831BC0} = {8EBE9AB0-920F-4B6E-B695-A95CBC521A53}
		{8CB274E4-84C4-40C7-BB91-F120706D63FD} = {8EBE9AB0-920F-4B6E-B695-A95CBC521A53}
		{CDD14B1E-28D6-4317-AB56-0C9DBACF6B71} = {8EBE9AB0-920F-4B6E-B695-A95CBC521A53}
	EndGlobalSection
	GlobalSection(ExtensibilityGlobals) = postSolution
		SolutionGuid = {19DD61FA-03AE-40FC-9766-C324D9CCDFDB}
	EndGlobalSection
EndGlobal
